// !$*UTF8*$!
{
	archiveVersion = 1;
	classes = {
	};
	objectVersion = 50;
	objects = {

/* Begin PBXBuildFile section */
		A722E63A21DA4D1900C21FF5 /* places.cpp in Sources */ = {isa = PBXBuildFile; fileRef = A722E63921DA4D1900C21FF5 /* places.cpp */; };
		A722E63F21DACEC200C21FF5 /* people.cpp in Sources */ = {isa = PBXBuildFile; fileRef = A722E63E21DACEC200C21FF5 /* people.cpp */; };
		A767EADD21D2A25F00632F61 /* main.cpp in Sources */ = {isa = PBXBuildFile; fileRef = A767EADC21D2A25F00632F61 /* main.cpp */; };
		A767EAE521D2A27100632F61 /* tickets.cpp in Sources */ = {isa = PBXBuildFile; fileRef = A767EAE421D2A27100632F61 /* tickets.cpp */; };
		A767EAEC21D2C40900632F61 /* vehicles.cpp in Sources */ = {isa = PBXBuildFile; fileRef = A767EAEB21D2C40900632F61 /* vehicles.cpp */; };
/* End PBXBuildFile section */

/* Begin PBXCopyFilesBuildPhase section */
		A767EAD721D2A25F00632F61 /* CopyFiles */ = {
			isa = PBXCopyFilesBuildPhase;
			buildActionMask = 2147483647;
			dstPath = /usr/share/man/man1/;
			dstSubfolderSpec = 0;
			files = (
			);
			runOnlyForDeploymentPostprocessing = 1;
		};
/* End PBXCopyFilesBuildPhase section */

/* Begin PBXFileReference section */
		A722E63821DA4D1900C21FF5 /* places.hpp */ = {isa = PBXFileReference; lastKnownFileType = sourcecode.cpp.h; path = places.hpp; sourceTree = "<group>"; };
		A722E63921DA4D1900C21FF5 /* places.cpp */ = {isa = PBXFileReference; lastKnownFileType = sourcecode.cpp.cpp; path = places.cpp; sourceTree = "<group>"; };
		A722E63B21DAC84900C21FF5 /* templates.hpp */ = {isa = PBXFileReference; lastKnownFileType = sourcecode.cpp.h; path = templates.hpp; sourceTree = "<group>"; };
		A722E63E21DACEC200C21FF5 /* people.cpp */ = {isa = PBXFileReference; lastKnownFileType = sourcecode.cpp.cpp; path = people.cpp; sourceTree = "<group>"; };
		A767EAD921D2A25F00632F61 /* cp1 */ = {isa = PBXFileReference; explicitFileType = "compiled.mach-o.executable"; includeInIndex = 0; path = cp1; sourceTree = BUILT_PRODUCTS_DIR; };
		A767EADC21D2A25F00632F61 /* main.cpp */ = {isa = PBXFileReference; lastKnownFileType = sourcecode.cpp.cpp; path = main.cpp; sourceTree = "<group>"; };
		A767EAE321D2A27100632F61 /* tickets.hpp */ = {isa = PBXFileReference; lastKnownFileType = sourcecode.cpp.h; path = tickets.hpp; sourceTree = "<group>"; };
		A767EAE421D2A27100632F61 /* tickets.cpp */ = {isa = PBXFileReference; lastKnownFileType = sourcecode.cpp.cpp; path = tickets.cpp; sourceTree = "<group>"; };
		A767EAE721D2A9D000632F61 /* people.hpp */ = {isa = PBXFileReference; lastKnownFileType = sourcecode.cpp.h; path = people.hpp; sourceTree = "<group>"; };
		A767EAEA21D2C40900632F61 /* vehicles.hpp */ = {isa = PBXFileReference; lastKnownFileType = sourcecode.cpp.h; path = vehicles.hpp; sourceTree = "<group>"; };
		A767EAEB21D2C40900632F61 /* vehicles.cpp */ = {isa = PBXFileReference; lastKnownFileType = sourcecode.cpp.cpp; path = vehicles.cpp; sourceTree = "<group>"; };
/* End PBXFileReference section */

/* Begin PBXFrameworksBuildPhase section */
		A767EAD621D2A25F00632F61 /* Frameworks */ = {
			isa = PBXFrameworksBuildPhase;
			buildActionMask = 2147483647;
			files = (
			);
			runOnlyForDeploymentPostprocessing = 0;
		};
/* End PBXFrameworksBuildPhase section */

/* Begin PBXGroup section */
		A767EAD021D2A25F00632F61 = {
			isa = PBXGroup;
			children = (
				A767EADB21D2A25F00632F61 /* cp1 */,
				A767EADA21D2A25F00632F61 /* Products */,
			);
			sourceTree = "<group>";
		};
		A767EADA21D2A25F00632F61 /* Products */ = {
			isa = PBXGroup;
			children = (
				A767EAD921D2A25F00632F61 /* cp1 */,
			);
			name = Products;
			sourceTree = "<group>";
		};
		A767EADB21D2A25F00632F61 /* cp1 */ = {
			isa = PBXGroup;
			children = (
				A767EAE621D2A27400632F61 /* headers */,
				A767EADC21D2A25F00632F61 /* main.cpp */,
				A767EAE421D2A27100632F61 /* tickets.cpp */,
				A722E63E21DACEC200C21FF5 /* people.cpp */,
				A767EAEB21D2C40900632F61 /* vehicles.cpp */,
				A722E63921DA4D1900C21FF5 /* places.cpp */,
			);
			path = cp1;
			sourceTree = "<group>";
		};
		A767EAE621D2A27400632F61 /* headers */ = {
			isa = PBXGroup;
			children = (
				A767EAE321D2A27100632F61 /* tickets.hpp */,
				A767EAE721D2A9D000632F61 /* people.hpp */,
				A767EAEA21D2C40900632F61 /* vehicles.hpp */,
				A722E63821DA4D1900C21FF5 /* places.hpp */,
				A722E63B21DAC84900C21FF5 /* templates.hpp */,
			);
			path = headers;
			sourceTree = "<group>";
		};
/* End PBXGroup section */

/* Begin PBXNativeTarget section */
		A767EAD821D2A25F00632F61 /* cp1 */ = {
			isa = PBXNativeTarget;
			buildConfigurationList = A767EAE021D2A25F00632F61 /* Build configuration list for PBXNativeTarget "cp1" */;
			buildPhases = (
				A767EAD521D2A25F00632F61 /* Sources */,
				A767EAD621D2A25F00632F61 /* Frameworks */,
				A767EAD721D2A25F00632F61 /* CopyFiles */,
			);
			buildRules = (
			);
			dependencies = (
			);
			name = cp1;
			productName = cp1;
			productReference = A767EAD921D2A25F00632F61 /* cp1 */;
			productType = "com.apple.product-type.tool";
		};
/* End PBXNativeTarget section */

/* Begin PBXProject section */
		A767EAD121D2A25F00632F61 /* Project object */ = {
			isa = PBXProject;
			attributes = {
				LastUpgradeCheck = 1010;
				ORGANIZATIONNAME = "Barnaba Krupowicz";
				TargetAttributes = {
					A767EAD821D2A25F00632F61 = {
						CreatedOnToolsVersion = 10.1;
					};
				};
			};
			buildConfigurationList = A767EAD421D2A25F00632F61 /* Build configuration list for PBXProject "cp1" */;
			compatibilityVersion = "Xcode 9.3";
			developmentRegion = en;
			hasScannedForEncodings = 0;
			knownRegions = (
				en,
			);
			mainGroup = A767EAD021D2A25F00632F61;
			productRefGroup = A767EADA21D2A25F00632F61 /* Products */;
			projectDirPath = "";
			projectRoot = "";
			targets = (
				A767EAD821D2A25F00632F61 /* cp1 */,
			);
		};
/* End PBXProject section */

/* Begin PBXSourcesBuildPhase section */
		A767EAD521D2A25F00632F61 /* Sources */ = {
			isa = PBXSourcesBuildPhase;
			buildActionMask = 2147483647;
			files = (
				A722E63F21DACEC200C21FF5 /* people.cpp in Sources */,
				A767EAEC21D2C40900632F61 /* vehicles.cpp in Sources */,
				A722E63A21DA4D1900C21FF5 /* places.cpp in Sources */,
				A767EADD21D2A25F00632F61 /* main.cpp in Sources */,
				A767EAE521D2A27100632F61 /* tickets.cpp in Sources */,
			);
			runOnlyForDeploymentPostprocessing = 0;
		};
/* End PBXSourcesBuildPhase section */

/* Begin XCBuildConfiguration section */
		A767EADE21D2A25F00632F61 /* Debug */ = {
			isa = XCBuildConfiguration;
			buildSettings = {
				ALWAYS_SEARCH_USER_PATHS = NO;
				CLANG_ANALYZER_NONNULL = YES;
				CLANG_ANALYZER_NUMBER_OBJECT_CONVERSION = YES_AGGRESSIVE;
				CLANG_CXX_LANGUAGE_STANDARD = "gnu++14";
				CLANG_CXX_LIBRARY = "libc++";
				CLANG_ENABLE_MODULES = YES;
				CLANG_ENABLE_OBJC_ARC = YES;
				CLANG_ENABLE_OBJC_WEAK = YES;
				CLANG_WARN_BLOCK_CAPTURE_AUTORELEASING = YES;
				CLANG_WARN_BOOL_CONVERSION = YES;
				CLANG_WARN_COMMA = YES;
				CLANG_WARN_CONSTANT_CONVERSION = YES;
				CLANG_WARN_DEPRECATED_OBJC_IMPLEMENTATIONS = YES;
				CLANG_WARN_DIRECT_OBJC_ISA_USAGE = YES_ERROR;
				CLANG_WARN_DOCUMENTATION_COMMENTS = YES;
				CLANG_WARN_EMPTY_BODY = YES;
				CLANG_WARN_ENUM_CONVERSION = YES;
				CLANG_WARN_INFINITE_RECURSION = YES;
				CLANG_WARN_INT_CONVERSION = YES;
				CLANG_WARN_NON_LITERAL_NULL_CONVERSION = YES;
				CLANG_WARN_OBJC_IMPLICIT_RETAIN_SELF = YES;
				CLANG_WARN_OBJC_LITERAL_CONVERSION = YES;
				CLANG_WARN_OBJC_ROOT_CLASS = YES_ERROR;
				CLANG_WARN_RANGE_LOOP_ANALYSIS = YES;
				CLANG_WARN_STRICT_PROTOTYPES = YES;
				CLANG_WARN_SUSPICIOUS_MOVE = YES;
				CLANG_WARN_UNGUARDED_AVAILABILITY = YES_AGGRESSIVE;
				CLANG_WARN_UNREACHABLE_CODE = YES;
				CLANG_WARN__DUPLICATE_METHOD_MATCH = YES;
				CODE_SIGN_IDENTITY = "-";
				COPY_PHASE_STRIP = NO;
				DEBUG_INFORMATION_FORMAT = dwarf;
				ENABLE_STRICT_OBJC_MSGSEND = YES;
				ENABLE_TESTABILITY = YES;
				GCC_C_LANGUAGE_STANDARD = gnu11;
				GCC_DYNAMIC_NO_PIC = NO;
				GCC_NO_COMMON_BLOCKS = YES;
				GCC_OPTIMIZATION_LEVEL = 0;
				GCC_PREPROCESSOR_DEFINITIONS = (
					"DEBUG=1",
					"$(inherited)",
				);
				GCC_WARN_64_TO_32_BIT_CONVERSION = YES;
				GCC_WARN_ABOUT_RETURN_TYPE = YES_ERROR;
				GCC_WARN_UNDECLARED_SELECTOR = YES;
				GCC_WARN_UNINITIALIZED_AUTOS = YES_AGGRESSIVE;
				GCC_WARN_UNUSED_FUNCTION = YES;
				GCC_WARN_UNUSED_VARIABLE = YES;
				MACOSX_DEPLOYMENT_TARGET = 10.14;
				MTL_ENABLE_DEBUG_INFO = INCLUDE_SOURCE;
				MTL_FAST_MATH = YES;
				ONLY_ACTIVE_ARCH = YES;
				SDKROOT = macosx;
			};
			name = Debug;
		};
		A767EADF21D2A25F00632F61 /* Release */ = {
			isa = XCBuildConfiguration;
			buildSettings = {
				ALWAYS_SEARCH_USER_PATHS = NO;
				CLANG_ANALYZER_NONNULL = YES;
				CLANG_ANALYZER_NUMBER_OBJECT_CONVERSION = YES_AGGRESSIVE;
				CLANG_CXX_LANGUAGE_STANDARD = "gnu++14";
				CLANG_CXX_LIBRARY = "libc++";
				CLANG_ENABLE_MODULES = YES;
				CLANG_ENABLE_OBJC_ARC = YES;
				CLANG_ENABLE_OBJC_WEAK = YES;
				CLANG_WARN_BLOCK_CAPTURE_AUTORELEASING = YES;
				CLANG_WARN_BOOL_CONVERSION = YES;
				CLANG_WARN_COMMA = YES;
				CLANG_WARN_CONSTANT_CONVERSION = YES;
				CLANG_WARN_DEPRECATED_OBJC_IMPLEMENTATIONS = YES;
				CLANG_WARN_DIRECT_OBJC_ISA_USAGE = YES_ERROR;
				CLANG_WARN_DOCUMENTATION_COMMENTS = YES;
				CLANG_WARN_EMPTY_BODY = YES;
				CLANG_WARN_ENUM_CONVERSION = YES;
				CLANG_WARN_INFINITE_RECURSION = YES;
				CLANG_WARN_INT_CONVERSION = YES;
				CLANG_WARN_NON_LITERAL_NULL_CONVERSION = YES;
				CLANG_WARN_OBJC_IMPLICIT_RETAIN_SELF = YES;
				CLANG_WARN_OBJC_LITERAL_CONVERSION = YES;
				CLANG_WARN_OBJC_ROOT_CLASS = YES_ERROR;
				CLANG_WARN_RANGE_LOOP_ANALYSIS = YES;
				CLANG_WARN_STRICT_PROTOTYPES = YES;
				CLANG_WARN_SUSPICIOUS_MOVE = YES;
				CLANG_WARN_UNGUARDED_AVAILABILITY = YES_AGGRESSIVE;
				CLANG_WARN_UNREACHABLE_CODE = YES;
				CLANG_WARN__DUPLICATE_METHOD_MATCH = YES;
				CODE_SIGN_IDENTITY = "-";
				COPY_PHASE_STRIP = NO;
				DEBUG_INFORMATION_FORMAT = "dwarf-with-dsym";
				ENABLE_NS_ASSERTIONS = NO;
				ENABLE_STRICT_OBJC_MSGSEND = YES;
				GCC_C_LANGUAGE_STANDARD = gnu11;
				GCC_NO_COMMON_BLOCKS = YES;
				GCC_WARN_64_TO_32_BIT_CONVERSION = YES;
				GCC_WARN_ABOUT_RETURN_TYPE = YES_ERROR;
				GCC_WARN_UNDECLARED_SELECTOR = YES;
				GCC_WARN_UNINITIALIZED_AUTOS = YES_AGGRESSIVE;
				GCC_WARN_UNUSED_FUNCTION = YES;
				GCC_WARN_UNUSED_VARIABLE = YES;
				MACOSX_DEPLOYMENT_TARGET = 10.14;
				MTL_ENABLE_DEBUG_INFO = NO;
				MTL_FAST_MATH = YES;
				SDKROOT = macosx;
			};
			name = Release;
		};
		A767EAE121D2A25F00632F61 /* Debug */ = {
			isa = XCBuildConfiguration;
			buildSettings = {
				CODE_SIGN_STYLE = Automatic;
				GCC_WARN_UNUSED_VARIABLE = YES;
				PRODUCT_NAME = "$(TARGET_NAME)";
			};
			name = Debug;
		};
		A767EAE221D2A25F00632F61 /* Release */ = {
			isa = XCBuildConfiguration;
			buildSettings = {
				CODE_SIGN_STYLE = Automatic;
				GCC_WARN_UNUSED_VARIABLE = YES;
				PRODUCT_NAME = "$(TARGET_NAME)";
			};
			name = Release;
		};
/* End XCBuildConfiguration section */

/* Begin XCConfigurationList section */
		A767EAD421D2A25F00632F61 /* Build configuration list for PBXProject "cp1" */ = {
			isa = XCConfigurationList;
			buildConfigurations = (
				A767EADE21D2A25F00632F61 /* Debug */,
				A767EADF21D2A25F00632F61 /* Release */,
			);
			defaultConfigurationIsVisible = 0;
			defaultConfigurationName = Release;
		};
		A767EAE021D2A25F00632F61 /* Build configuration list for PBXNativeTarget "cp1" */ = {
			isa = XCConfigurationList;
			buildConfigurations = (
				A767EAE121D2A25F00632F61 /* Debug */,
				A767EAE221D2A25F00632F61 /* Release */,
			);
			defaultConfigurationIsVisible = 0;
			defaultConfigurationName = Release;
		};
/* End XCConfigurationList section */
	};
	rootObject = A767EAD121D2A25F00632F61 /* Project object */;
}
